schema: '2.0'
stages:
  prepare:
    cmd: python3.11 src/prepare.py data/raw data/prepared
    deps:
    - path: data/raw
      hash: md5
      md5: 6d8f0c274829764e1ea1112420825014.dir
      size: 8822930
      nfiles: 1605
    - path: src/prepare.py
      hash: md5
      md5: d4f3312976ced5ace2cdab70239d544a
      size: 2514
    - path: src/utils/seed.py
      hash: md5
      md5: 3a792a2e3aece6c04c2756bc133a5cd1
      size: 438
    params:
      params.yaml:
        prepare:
          seed: 77
          split: 0.2
          image_size:
          - 32
          - 32
          grayscale: true
    outs:
    - path: data/prepared
      hash: md5
      md5: ede06c18ef7882c1f7e056fa79e51649.dir
      size: 6619330
      nfiles: 8
  train:
    cmd: python3.11 src/train.py data/prepared model
    deps:
    - path: data/prepared
      hash: md5
      md5: ede06c18ef7882c1f7e056fa79e51649.dir
      size: 6619330
      nfiles: 8
    - path: src/train.py
      hash: md5
      md5: 94653c366c27a8975e3534d0f90c2999
      size: 3857
    - path: src/utils/seed.py
      hash: md5
      md5: 3a792a2e3aece6c04c2756bc133a5cd1
      size: 438
    params:
      params.yaml:
        train:
          seed: 77
          lr: 0.001
          epochs: 10
          conv_size: 64
          dense_size: 128
          output_classes: 11
    outs:
    - path: model
      hash: md5
      md5: 34e12bccfd17d3e868cfee75a9301231.dir
      size: 8375992
      nfiles: 2
  evaluate:
    cmd: python3.11 src/evaluate.py model data/prepared
    deps:
    - path: model
      hash: md5
      md5: 34e12bccfd17d3e868cfee75a9301231.dir
      size: 8375992
      nfiles: 2
    - path: src/evaluate.py
      hash: md5
      md5: 527f2fc7de92407c8919b886c77635fd
      size: 5481
    outs:
    - path: evaluation/metrics.json
      hash: md5
      md5: 6b5d7bd430983bd05c2081badf0fad03
      size: 61
      isexec: true
    - path: evaluation/plots/confusion_matrix.png
      hash: md5
      md5: 0b551b0dc0f6ef5caf6675ebafd4228f
      size: 45676
      isexec: true
    - path: evaluation/plots/pred_preview.png
      hash: md5
      md5: fe53070d35db771ccf5254160a58e7c2
      size: 43555
      isexec: true
    - path: evaluation/plots/training_history.png
      hash: md5
      md5: 2dc64566f48279db33cd8d7056910dbb
      size: 37303
      isexec: true
